
Microsoft Visual Studio Solution File, Format Version 10.00
# Visual Studio 2008
Project("{8BC9CEB8-8B4A-11D0-8D11-00A0C91BC942}") = "Mat2D", "Mat2D\Mat2D.vcproj", "{CB1CE308-F13B-484D-A648-F2F5769F7DE9}"
EndProject
Project("{8BC9CEB8-8B4A-11D0-8D11-00A0C91BC942}") = "FoncConst", "FoncConst\FoncConst.vcproj", "{BB3F6948-4A61-4FC5-9901-8A870162841F}"
EndProject
Project("{8BC9CEB8-8B4A-11D0-8D11-00A0C91BC942}") = "CFract", "CFract\CFract.vcproj", "{CC2AD67F-8F04-478C-818F-E9AD1304D86D}"
EndProject
Project("{8BC9CEB8-8B4A-11D0-8D11-00A0C91BC942}") = "ExoFunctor", "ExoFunctor\ExoFunctor.vcproj", "{9D145FE9-40F9-4D4A-86E7-B2F659BAEC16}"
EndProject
Project("{8BC9CEB8-8B4A-11D0-8D11-00A0C91BC942}") = "FigGeom", "FigGeom\FigGeom.vcproj", "{DF6C4EE6-C0F0-4108-8B8B-021A02D6792F}"
EndProject
Project("{8BC9CEB8-8B4A-11D0-8D11-00A0C91BC942}") = "CTriPascal", "CTriPascal\CTriPascal.vcproj", "{6934951F-5C3C-4403-999E-500544DAAF54}"
EndProject
Project("{8BC9CEB8-8B4A-11D0-8D11-00A0C91BC942}") = "CPoly", "CPoly\CPoly.vcproj", "{257E3A83-C809-4D39-8D5B-088C10F4337E}"
EndProject
Project("{8BC9CEB8-8B4A-11D0-8D11-00A0C91BC942}") = "FigGeomStream", "FigGeomStream\FigGeomStream.vcproj", "{673A5226-4AA4-43C1-A34F-D92E88171B2F}"
EndProject
Project("{8BC9CEB8-8B4A-11D0-8D11-00A0C91BC942}") = "CTriPascalStream", "CTriPascalStream\CTriPascalStream.vcproj", "{FE3CD6B7-892D-40D0-B18E-A2FECCE4B46D}"
EndProject
Project("{8BC9CEB8-8B4A-11D0-8D11-00A0C91BC942}") = "CFractStream", "CFractStream\CFractStream.vcproj", "{F2422FCC-F4D3-4F0D-B474-33CB6605D167}"
EndProject
Project("{8BC9CEB8-8B4A-11D0-8D11-00A0C91BC942}") = "CPolyStream", "CPolyStream\CPolyStream.vcproj", "{E0A9D653-DDB3-4F6F-A479-F3D901E94807}"
EndProject
Project("{8BC9CEB8-8B4A-11D0-8D11-00A0C91BC942}") = "MatchTennis", "MatchTennis\MatchTennis.vcproj", "{9B8ABEEA-677C-4856-82BE-9F36049DDB29}"
EndProject
Project("{8BC9CEB8-8B4A-11D0-8D11-00A0C91BC942}") = "HeritMult", "HeritMult\HeritMult.vcproj", "{0A5D0711-1914-4B81-BC8E-6B68C27ACBA7}"
EndProject
Project("{8BC9CEB8-8B4A-11D0-8D11-00A0C91BC942}") = "Templates1", "Templates1\Templates1.vcproj", "{7A7BC133-00C7-4C08-9EF5-3C10512F267E}"
EndProject
Project("{8BC9CEB8-8B4A-11D0-8D11-00A0C91BC942}") = "TemplateMat", "TemplateMat\TemplateMat.vcproj", "{03A0780A-6E77-454C-9258-0304EDE60E4E}"
EndProject
Project("{8BC9CEB8-8B4A-11D0-8D11-00A0C91BC942}") = "CTriPascalTemplate", "CTriPascalTemplate\CTriPascalTemplate.vcproj", "{3A4B0AA0-2058-43CE-9198-52A3AE01F2D9}"
EndProject
Project("{8BC9CEB8-8B4A-11D0-8D11-00A0C91BC942}") = "TestExcept", "TestExcept\TestExcept.vcproj", "{0AE73325-4157-4F45-BFE9-5579173FFE45}"
EndProject
Project("{8BC9CEB8-8B4A-11D0-8D11-00A0C91BC942}") = "Vector", "Vector\Vector.vcproj", "{97702221-E5D5-4FF1-A658-38F436F61642}"
EndProject
Project("{8BC9CEB8-8B4A-11D0-8D11-00A0C91BC942}") = "String", "String\String.vcproj", "{F6932030-50C8-4D88-A063-2EA91EAB0D54}"
EndProject
Project("{8BC9CEB8-8B4A-11D0-8D11-00A0C91BC942}") = "Permutation", "Permutation\Permutation.vcproj", "{5C173A5F-9A03-4596-B30A-1D62D073D925}"
EndProject
Project("{8BC9CEB8-8B4A-11D0-8D11-00A0C91BC942}") = "CarreMagique", "CarreMagique\CarreMagique.vcproj", "{5EE1E6F4-528B-4F65-92D5-B3DBBA323588}"
EndProject
Global
	GlobalSection(SolutionConfigurationPlatforms) = preSolution
		Debug|Win32 = Debug|Win32
		Release|Win32 = Release|Win32
	EndGlobalSection
	GlobalSection(ProjectConfigurationPlatforms) = postSolution
		{CB1CE308-F13B-484D-A648-F2F5769F7DE9}.Debug|Win32.ActiveCfg = Debug|Win32
		{CB1CE308-F13B-484D-A648-F2F5769F7DE9}.Debug|Win32.Build.0 = Debug|Win32
		{CB1CE308-F13B-484D-A648-F2F5769F7DE9}.Release|Win32.ActiveCfg = Release|Win32
		{CB1CE308-F13B-484D-A648-F2F5769F7DE9}.Release|Win32.Build.0 = Release|Win32
		{BB3F6948-4A61-4FC5-9901-8A870162841F}.Debug|Win32.ActiveCfg = Debug|Win32
		{BB3F6948-4A61-4FC5-9901-8A870162841F}.Debug|Win32.Build.0 = Debug|Win32
		{BB3F6948-4A61-4FC5-9901-8A870162841F}.Release|Win32.ActiveCfg = Release|Win32
		{BB3F6948-4A61-4FC5-9901-8A870162841F}.Release|Win32.Build.0 = Release|Win32
		{CC2AD67F-8F04-478C-818F-E9AD1304D86D}.Debug|Win32.ActiveCfg = Debug|Win32
		{CC2AD67F-8F04-478C-818F-E9AD1304D86D}.Debug|Win32.Build.0 = Debug|Win32
		{CC2AD67F-8F04-478C-818F-E9AD1304D86D}.Release|Win32.ActiveCfg = Release|Win32
		{CC2AD67F-8F04-478C-818F-E9AD1304D86D}.Release|Win32.Build.0 = Release|Win32
		{9D145FE9-40F9-4D4A-86E7-B2F659BAEC16}.Debug|Win32.ActiveCfg = Debug|Win32
		{9D145FE9-40F9-4D4A-86E7-B2F659BAEC16}.Debug|Win32.Build.0 = Debug|Win32
		{9D145FE9-40F9-4D4A-86E7-B2F659BAEC16}.Release|Win32.ActiveCfg = Release|Win32
		{9D145FE9-40F9-4D4A-86E7-B2F659BAEC16}.Release|Win32.Build.0 = Release|Win32
		{DF6C4EE6-C0F0-4108-8B8B-021A02D6792F}.Debug|Win32.ActiveCfg = Debug|Win32
		{DF6C4EE6-C0F0-4108-8B8B-021A02D6792F}.Debug|Win32.Build.0 = Debug|Win32
		{DF6C4EE6-C0F0-4108-8B8B-021A02D6792F}.Release|Win32.ActiveCfg = Release|Win32
		{DF6C4EE6-C0F0-4108-8B8B-021A02D6792F}.Release|Win32.Build.0 = Release|Win32
		{6934951F-5C3C-4403-999E-500544DAAF54}.Debug|Win32.ActiveCfg = Debug|Win32
		{6934951F-5C3C-4403-999E-500544DAAF54}.Debug|Win32.Build.0 = Debug|Win32
		{6934951F-5C3C-4403-999E-500544DAAF54}.Release|Win32.ActiveCfg = Release|Win32
		{6934951F-5C3C-4403-999E-500544DAAF54}.Release|Win32.Build.0 = Release|Win32
		{257E3A83-C809-4D39-8D5B-088C10F4337E}.Debug|Win32.ActiveCfg = Debug|Win32
		{257E3A83-C809-4D39-8D5B-088C10F4337E}.Debug|Win32.Build.0 = Debug|Win32
		{257E3A83-C809-4D39-8D5B-088C10F4337E}.Release|Win32.ActiveCfg = Release|Win32
		{257E3A83-C809-4D39-8D5B-088C10F4337E}.Release|Win32.Build.0 = Release|Win32
		{673A5226-4AA4-43C1-A34F-D92E88171B2F}.Debug|Win32.ActiveCfg = Debug|Win32
		{673A5226-4AA4-43C1-A34F-D92E88171B2F}.Debug|Win32.Build.0 = Debug|Win32
		{673A5226-4AA4-43C1-A34F-D92E88171B2F}.Release|Win32.ActiveCfg = Release|Win32
		{673A5226-4AA4-43C1-A34F-D92E88171B2F}.Release|Win32.Build.0 = Release|Win32
		{FE3CD6B7-892D-40D0-B18E-A2FECCE4B46D}.Debug|Win32.ActiveCfg = Debug|Win32
		{FE3CD6B7-892D-40D0-B18E-A2FECCE4B46D}.Debug|Win32.Build.0 = Debug|Win32
		{FE3CD6B7-892D-40D0-B18E-A2FECCE4B46D}.Release|Win32.ActiveCfg = Release|Win32
		{FE3CD6B7-892D-40D0-B18E-A2FECCE4B46D}.Release|Win32.Build.0 = Release|Win32
		{F2422FCC-F4D3-4F0D-B474-33CB6605D167}.Debug|Win32.ActiveCfg = Debug|Win32
		{F2422FCC-F4D3-4F0D-B474-33CB6605D167}.Debug|Win32.Build.0 = Debug|Win32
		{F2422FCC-F4D3-4F0D-B474-33CB6605D167}.Release|Win32.ActiveCfg = Release|Win32
		{F2422FCC-F4D3-4F0D-B474-33CB6605D167}.Release|Win32.Build.0 = Release|Win32
		{E0A9D653-DDB3-4F6F-A479-F3D901E94807}.Debug|Win32.ActiveCfg = Debug|Win32
		{E0A9D653-DDB3-4F6F-A479-F3D901E94807}.Debug|Win32.Build.0 = Debug|Win32
		{E0A9D653-DDB3-4F6F-A479-F3D901E94807}.Release|Win32.ActiveCfg = Release|Win32
		{E0A9D653-DDB3-4F6F-A479-F3D901E94807}.Release|Win32.Build.0 = Release|Win32
		{9B8ABEEA-677C-4856-82BE-9F36049DDB29}.Debug|Win32.ActiveCfg = Debug|Win32
		{9B8ABEEA-677C-4856-82BE-9F36049DDB29}.Debug|Win32.Build.0 = Debug|Win32
		{9B8ABEEA-677C-4856-82BE-9F36049DDB29}.Release|Win32.ActiveCfg = Release|Win32
		{9B8ABEEA-677C-4856-82BE-9F36049DDB29}.Release|Win32.Build.0 = Release|Win32
		{0A5D0711-1914-4B81-BC8E-6B68C27ACBA7}.Debug|Win32.ActiveCfg = Debug|Win32
		{0A5D0711-1914-4B81-BC8E-6B68C27ACBA7}.Debug|Win32.Build.0 = Debug|Win32
		{0A5D0711-1914-4B81-BC8E-6B68C27ACBA7}.Release|Win32.ActiveCfg = Release|Win32
		{0A5D0711-1914-4B81-BC8E-6B68C27ACBA7}.Release|Win32.Build.0 = Release|Win32
		{7A7BC133-00C7-4C08-9EF5-3C10512F267E}.Debug|Win32.ActiveCfg = Debug|Win32
		{7A7BC133-00C7-4C08-9EF5-3C10512F267E}.Debug|Win32.Build.0 = Debug|Win32
		{7A7BC133-00C7-4C08-9EF5-3C10512F267E}.Release|Win32.ActiveCfg = Release|Win32
		{7A7BC133-00C7-4C08-9EF5-3C10512F267E}.Release|Win32.Build.0 = Release|Win32
		{03A0780A-6E77-454C-9258-0304EDE60E4E}.Debug|Win32.ActiveCfg = Debug|Win32
		{03A0780A-6E77-454C-9258-0304EDE60E4E}.Debug|Win32.Build.0 = Debug|Win32
		{03A0780A-6E77-454C-9258-0304EDE60E4E}.Release|Win32.ActiveCfg = Release|Win32
		{03A0780A-6E77-454C-9258-0304EDE60E4E}.Release|Win32.Build.0 = Release|Win32
		{3A4B0AA0-2058-43CE-9198-52A3AE01F2D9}.Debug|Win32.ActiveCfg = Debug|Win32
		{3A4B0AA0-2058-43CE-9198-52A3AE01F2D9}.Debug|Win32.Build.0 = Debug|Win32
		{3A4B0AA0-2058-43CE-9198-52A3AE01F2D9}.Release|Win32.ActiveCfg = Release|Win32
		{3A4B0AA0-2058-43CE-9198-52A3AE01F2D9}.Release|Win32.Build.0 = Release|Win32
		{0AE73325-4157-4F45-BFE9-5579173FFE45}.Debug|Win32.ActiveCfg = Debug|Win32
		{0AE73325-4157-4F45-BFE9-5579173FFE45}.Debug|Win32.Build.0 = Debug|Win32
		{0AE73325-4157-4F45-BFE9-5579173FFE45}.Release|Win32.ActiveCfg = Release|Win32
		{0AE73325-4157-4F45-BFE9-5579173FFE45}.Release|Win32.Build.0 = Release|Win32
		{97702221-E5D5-4FF1-A658-38F436F61642}.Debug|Win32.ActiveCfg = Debug|Win32
		{97702221-E5D5-4FF1-A658-38F436F61642}.Debug|Win32.Build.0 = Debug|Win32
		{97702221-E5D5-4FF1-A658-38F436F61642}.Release|Win32.ActiveCfg = Release|Win32
		{97702221-E5D5-4FF1-A658-38F436F61642}.Release|Win32.Build.0 = Release|Win32
		{F6932030-50C8-4D88-A063-2EA91EAB0D54}.Debug|Win32.ActiveCfg = Debug|Win32
		{F6932030-50C8-4D88-A063-2EA91EAB0D54}.Debug|Win32.Build.0 = Debug|Win32
		{F6932030-50C8-4D88-A063-2EA91EAB0D54}.Release|Win32.ActiveCfg = Release|Win32
		{F6932030-50C8-4D88-A063-2EA91EAB0D54}.Release|Win32.Build.0 = Release|Win32
		{5C173A5F-9A03-4596-B30A-1D62D073D925}.Debug|Win32.ActiveCfg = Debug|Win32
		{5C173A5F-9A03-4596-B30A-1D62D073D925}.Debug|Win32.Build.0 = Debug|Win32
		{5C173A5F-9A03-4596-B30A-1D62D073D925}.Release|Win32.ActiveCfg = Release|Win32
		{5C173A5F-9A03-4596-B30A-1D62D073D925}.Release|Win32.Build.0 = Release|Win32
		{5EE1E6F4-528B-4F65-92D5-B3DBBA323588}.Debug|Win32.ActiveCfg = Debug|Win32
		{5EE1E6F4-528B-4F65-92D5-B3DBBA323588}.Debug|Win32.Build.0 = Debug|Win32
		{5EE1E6F4-528B-4F65-92D5-B3DBBA323588}.Release|Win32.ActiveCfg = Release|Win32
		{5EE1E6F4-528B-4F65-92D5-B3DBBA323588}.Release|Win32.Build.0 = Release|Win32
	EndGlobalSection
	GlobalSection(SolutionProperties) = preSolution
		HideSolutionNode = FALSE
	EndGlobalSection
EndGlobal
